
Microsoft Visual Studio Solution File, Format Version 12.00
# Visual Studio Version 17
VisualStudioVersion = 17.3.32929.385
MinimumVisualStudioVersion = 10.0.40219.1
Project("{FAE04EC0-301F-11D3-BF4B-00C04F79EFBC}") = "PM02Ejercicio2_3.Android", "PM02Ejercicio2_3\PM02Ejercicio2_3.Android\PM02Ejercicio2_3.Android.csproj", "{D18142D4-305F-48BE-9F4C-F2D05F215BDA}"
EndProject
Project("{FAE04EC0-301F-11D3-BF4B-00C04F79EFBC}") = "PM02Ejercicio2_3", "PM02Ejercicio2_3\PM02Ejercicio2_3\PM02Ejercicio2_3.csproj", "{D168E049-C898-46EC-96C2-ACC0891EBDB7}"
EndProject
Global
	GlobalSection(SolutionConfigurationPlatforms) = preSolution
		Debug|Any CPU = Debug|Any CPU
		Release|Any CPU = Release|Any CPU
	EndGlobalSection
	GlobalSection(ProjectConfigurationPlatforms) = postSolution
		{D18142D4-305F-48BE-9F4C-F2D05F215BDA}.Debug|Any CPU.ActiveCfg = Debug|Any CPU
		{D18142D4-305F-48BE-9F4C-F2D05F215BDA}.Debug|Any CPU.Build.0 = Debug|Any CPU
		{D18142D4-305F-48BE-9F4C-F2D05F215BDA}.Debug|Any CPU.Deploy.0 = Debug|Any CPU
		{D18142D4-305F-48BE-9F4C-F2D05F215BDA}.Release|Any CPU.ActiveCfg = Release|Any CPU
		{D18142D4-305F-48BE-9F4C-F2D05F215BDA}.Release|Any CPU.Build.0 = Release|Any CPU
		{D18142D4-305F-48BE-9F4C-F2D05F215BDA}.Release|Any CPU.Deploy.0 = Release|Any CPU
		{D168E049-C898-46EC-96C2-ACC0891EBDB7}.Debug|Any CPU.ActiveCfg = Debug|Any CPU
		{D168E049-C898-46EC-96C2-ACC0891EBDB7}.Debug|Any CPU.Build.0 = Debug|Any CPU
		{D168E049-C898-46EC-96C2-ACC0891EBDB7}.Debug|Any CPU.Deploy.0 = Debug|Any CPU
		{D168E049-C898-46EC-96C2-ACC0891EBDB7}.Release|Any CPU.ActiveCfg = Release|Any CPU
		{D168E049-C898-46EC-96C2-ACC0891EBDB7}.Release|Any CPU.Build.0 = Release|Any CPU
		{D168E049-C898-46EC-96C2-ACC0891EBDB7}.Release|Any CPU.Deploy.0 = Release|Any CPU
	EndGlobalSection
	GlobalSection(SolutionProperties) = preSolution
		HideSolutionNode = FALSE
	EndGlobalSection
	GlobalSection(ExtensibilityGlobals) = postSolution
		SolutionGuid = {22F397F8-B2D6-42DA-9E3E-71FBAC080AFC}
	EndGlobalSection
EndGlobal
